
Microsoft Visual Studio Solution File, Format Version 12.00
# Visual Studio Version 16
VisualStudioVersion = 16.0.31019.35
MinimumVisualStudioVersion = 10.0.40219.1
Project("{FAE04EC0-301F-11D3-BF4B-00C04F79EFBC}") = "FractalView", "FractalView\FractalView.csproj", "{94692F25-606B-418A-BDF1-A2B30C5114F6}"
	ProjectSection(ProjectDependencies) = postProject
		{0007FD6F-2490-434C-BE94-5FDBA597EFCF} = {0007FD6F-2490-434C-BE94-5FDBA597EFCF}
	EndProjectSection
EndProject
Project("{8BC9CEB8-8B4A-11D0-8D11-00A0C91BC942}") = "CUDAFractal", "CUDAFractal\CUDAFractal.vcxproj", "{0007FD6F-2490-434C-BE94-5FDBA597EFCF}"
EndProject
Global
	GlobalSection(SolutionConfigurationPlatforms) = preSolution
		Debug|Any CPU = Debug|Any CPU
		Debug|x64 = Debug|x64
		Debug|x86 = Debug|x86
		Release|Any CPU = Release|Any CPU
		Release|x64 = Release|x64
		Release|x86 = Release|x86
	EndGlobalSection
	GlobalSection(ProjectConfigurationPlatforms) = postSolution
		{94692F25-606B-418A-BDF1-A2B30C5114F6}.Debug|Any CPU.ActiveCfg = Debug|Any CPU
		{94692F25-606B-418A-BDF1-A2B30C5114F6}.Debug|Any CPU.Build.0 = Debug|Any CPU
		{94692F25-606B-418A-BDF1-A2B30C5114F6}.Debug|x64.ActiveCfg = Debug|Any CPU
		{94692F25-606B-418A-BDF1-A2B30C5114F6}.Debug|x64.Build.0 = Debug|Any CPU
		{94692F25-606B-418A-BDF1-A2B30C5114F6}.Debug|x86.ActiveCfg = Debug|Any CPU
		{94692F25-606B-418A-BDF1-A2B30C5114F6}.Debug|x86.Build.0 = Debug|Any CPU
		{94692F25-606B-418A-BDF1-A2B30C5114F6}.Release|Any CPU.ActiveCfg = Release|Any CPU
		{94692F25-606B-418A-BDF1-A2B30C5114F6}.Release|Any CPU.Build.0 = Release|Any CPU
		{94692F25-606B-418A-BDF1-A2B30C5114F6}.Release|x64.ActiveCfg = Release|Any CPU
		{94692F25-606B-418A-BDF1-A2B30C5114F6}.Release|x64.Build.0 = Release|Any CPU
		{94692F25-606B-418A-BDF1-A2B30C5114F6}.Release|x86.ActiveCfg = Release|Any CPU
		{94692F25-606B-418A-BDF1-A2B30C5114F6}.Release|x86.Build.0 = Release|Any CPU
		{0007FD6F-2490-434C-BE94-5FDBA597EFCF}.Debug|Any CPU.ActiveCfg = Debug|x64
		{0007FD6F-2490-434C-BE94-5FDBA597EFCF}.Debug|x64.ActiveCfg = Debug|x64
		{0007FD6F-2490-434C-BE94-5FDBA597EFCF}.Debug|x64.Build.0 = Debug|x64
		{0007FD6F-2490-434C-BE94-5FDBA597EFCF}.Debug|x86.ActiveCfg = Debug|x64
		{0007FD6F-2490-434C-BE94-5FDBA597EFCF}.Release|Any CPU.ActiveCfg = Release|x64
		{0007FD6F-2490-434C-BE94-5FDBA597EFCF}.Release|x64.ActiveCfg = Release|x64
		{0007FD6F-2490-434C-BE94-5FDBA597EFCF}.Release|x64.Build.0 = Release|x64
		{0007FD6F-2490-434C-BE94-5FDBA597EFCF}.Release|x86.ActiveCfg = Release|x64
	EndGlobalSection
	GlobalSection(SolutionProperties) = preSolution
		HideSolutionNode = FALSE
	EndGlobalSection
	GlobalSection(ExtensibilityGlobals) = postSolution
		SolutionGuid = {13F603F7-BF25-4055-84E2-2F6D2BB121F3}
	EndGlobalSection
EndGlobal
